
Microsoft Visual Studio Solution File, Format Version 12.00
# Visual Studio 2012
Project("{FAE04EC0-301F-11D3-BF4B-00C04F79EFBC}") = "QuanLy_NhanSu", "QuanLy_NhanSu\QuanLy_NhanSu.csproj", "{3AE3402C-D0A1-46D9-AC18-8F2B65C58740}"
EndProject
Global
	GlobalSection(SolutionConfigurationPlatforms) = preSolution
		Debug|Any CPU = Debug|Any CPU
		Release|Any CPU = Release|Any CPU
	EndGlobalSection
	GlobalSection(ProjectConfigurationPlatforms) = postSolution
		{3AE3402C-D0A1-46D9-AC18-8F2B65C58740}.Debug|Any CPU.ActiveCfg = Debug|Any CPU
		{3AE3402C-D0A1-46D9-AC18-8F2B65C58740}.Debug|Any CPU.Build.0 = Debug|Any CPU
		{3AE3402C-D0A1-46D9-AC18-8F2B65C58740}.Release|Any CPU.ActiveCfg = Release|Any CPU
		{3AE3402C-D0A1-46D9-AC18-8F2B65C58740}.Release|Any CPU.Build.0 = Release|Any CPU
	EndGlobalSection
	GlobalSection(SolutionProperties) = preSolution
		HideSolutionNode = FALSE
	EndGlobalSection
EndGlobal
